<?xml version="1.0" encoding="utf-8"?>
<Project ToolsVersion="4.0" xmlns="http://schemas.microsoft.com/developer/msbuild/2003">
  <ItemGroup>
    <Filter Include="源文件">
      <UniqueIdentifier>{4FC737F1-C7A5-4376-A066-2A32D752A2FF}</UniqueIdentifier>
      <Extensions>cpp;c;cc;cxx;def;odl;idl;hpj;bat;asm;asmx</Extensions>
    </Filter>
    <Filter Include="头文件">
      <UniqueIdentifier>{93995380-89BD-4b04-88EB-625FBE52EBFB}</UniqueIdentifier>
      <Extensions>h;hh;hpp;hxx;hm;inl;inc;xsd</Extensions>
    </Filter>
    <Filter Include="资源文件">
      <UniqueIdentifier>{67DA6AB6-F800-4c08-8B7A-83BB121AAD01}</UniqueIdentifier>
      <Extensions>rc;ico;cur;bmp;dlg;rc2;rct;bin;rgs;gif;jpg;jpeg;jpe;resx;tiff;tif;png;wav;mfcribbon-ms</Extensions>
    </Filter>
    <Filter Include="配置文件">
      <UniqueIdentifier>{a1f1038d-a651-4f0e-a134-792d5f1143e9}</UniqueIdentifier>
    </Filter>
  </ItemGroup>
  <ItemGroup>
    <ClInclude Include="MFCKlineDlg.h">
      <Filter>头文件</Filter>
    </ClInclude>
    <ClInclude Include="targetver.h">
      <Filter>头文件</Filter>
    </ClInclude>
    <ClInclude Include="Resource.h">
      <Filter>头文件</Filter>
    </ClInclude>
    <ClInclude Include="stdafx.h">
      <Filter>头文件</Filter>
    </ClInclude>
    <ClInclude Include="MFCKline.h">
      <Filter>头文件</Filter>
    </ClInclude>
    <ClInclude Include="MyOglDrawDlg.h">
      <Filter>头文件</Filter>
    </ClInclude>
    <ClInclude Include="LoginDlg.h">
      <Filter>头文件</Filter>
    </ClInclude>
    <ClInclude Include="RegistDlg.h">
      <Filter>头文件</Filter>
    </ClInclude>
    <ClInclude Include="IMhideWndDlg.h">
      <Filter>头文件</Filter>
    </ClInclude>
    <ClInclude Include="IMlogDlg.h">
      <Filter>头文件</Filter>
    </ClInclude>
    <ClInclude Include="SetMarkDlg.h">
      <Filter>头文件</Filter>
    </ClInclude>
    <ClInclude Include="..\..\LinxSrvc\gSOAPverify\util\String_-inl.h">
      <Filter>头文件</Filter>
    </ClInclude>
    <ClInclude Include="..\KlineUtil\com\Initialise-inl.h">
      <Filter>头文件</Filter>
    </ClInclude>
    <ClInclude Include="..\KlineUtil\com\Timer.hpp">
      <Filter>头文件</Filter>
    </ClInclude>
    <ClInclude Include="..\KlineUtil\com\Singleton.hpp">
      <Filter>头文件</Filter>
    </ClInclude>
    <ClInclude Include="..\KlineUtil\elem\Screen-Sharing.h">
      <Filter>头文件</Filter>
    </ClInclude>
    <ClInclude Include="..\KlineUtil\html\MfcHtmlView.h">
      <Filter>头文件</Filter>
    </ClInclude>
    <ClInclude Include="..\KlineUtil\deep\Level2View.h">
      <Filter>头文件</Filter>
    </ClInclude>
    <ClInclude Include="..\KlineUtil\Def\MacroDef.h">
      <Filter>头文件</Filter>
    </ClInclude>
    <ClInclude Include="..\KlineUtil\HOOK\injectDLL.h">
      <Filter>头文件</Filter>
    </ClInclude>
    <ClInclude Include="..\KlineUtil\Font\FontNehe.h">
      <Filter>头文件</Filter>
    </ClInclude>
    <ClInclude Include="..\KlineUtil\com\Glalgorithm.h">
      <Filter>头文件</Filter>
    </ClInclude>
    <ClInclude Include="..\KlineUtil\dos\DOSCout.h">
      <Filter>头文件</Filter>
    </ClInclude>
    <ClInclude Include="..\KlineUtil\com\CPUID.H">
      <Filter>头文件</Filter>
    </ClInclude>
    <ClInclude Include="..\KlineUtil\com\CommSet.h">
      <Filter>头文件</Filter>
    </ClInclude>
    <ClInclude Include="..\KlineUtil\html\cefWebKit.h">
      <Filter>头文件</Filter>
    </ClInclude>
    <ClInclude Include="..\KlineUtil\boost\boostest.h">
      <Filter>头文件</Filter>
    </ClInclude>
    <ClInclude Include="..\KlineUtil\com\binarytree-inl.h">
      <Filter>头文件</Filter>
    </ClInclude>
    <ClInclude Include="..\KlineUtil\com\auto_tchar.h">
      <Filter>头文件</Filter>
    </ClInclude>
    <ClInclude Include="..\KlineUtil\com\_MACRO_.h">
      <Filter>头文件</Filter>
    </ClInclude>
    <ClInclude Include="..\KlineUtil\WPF\WPFhost.h">
      <Filter>头文件</Filter>
    </ClInclude>
    <ClInclude Include="..\KlineUtil\security\verify.h">
      <Filter>头文件</Filter>
    </ClInclude>
    <ClInclude Include="..\KlineUtil\Stock\Stock.h">
      <Filter>头文件</Filter>
    </ClInclude>
    <ClInclude Include="..\KlineUtil\mygl\texture.h">
      <Filter>头文件</Filter>
    </ClInclude>
    <ClInclude Include="..\KlineUtil\netwk\Simulation.h">
      <Filter>头文件</Filter>
    </ClInclude>
    <ClInclude Include="..\KlineUtil\pthdpool\pthdpool.h">
      <Filter>头文件</Filter>
    </ClInclude>
    <ClInclude Include="..\KlineUtil\opencv\opencv2\opencv_modules.hpp">
      <Filter>头文件</Filter>
    </ClInclude>
    <ClInclude Include="..\KlineUtil\mygl\OGLKview.h">
      <Filter>头文件</Filter>
    </ClInclude>
    <ClInclude Include="..\KlineUtil\http\myweb.h">
      <Filter>头文件</Filter>
    </ClInclude>
    <ClInclude Include="..\KlineUtil\security\MD5.h">
      <Filter>头文件</Filter>
    </ClInclude>
    <ClInclude Include="..\KlineUtil\IM\IMclient.h">
      <Filter>头文件</Filter>
    </ClInclude>
    <ClInclude Include="..\KlineUtil\mygl\House.h">
      <Filter>头文件</Filter>
    </ClInclude>
    <ClInclude Include="..\KlineUtil\mygl\GlModel.h">
      <Filter>头文件</Filter>
    </ClInclude>
    <ClInclude Include="..\KlineUtil\mygl\GlF16.h">
      <Filter>头文件</Filter>
    </ClInclude>
    <ClInclude Include="..\KlineUtil\netwk\GEThttp.h">
      <Filter>头文件</Filter>
    </ClInclude>
    <ClInclude Include="..\KlineUtil\security\encoding.h">
      <Filter>头文件</Filter>
    </ClInclude>
    <ClInclude Include="..\KlineUtil\opencv\CvimgMat.h">
      <Filter>头文件</Filter>
    </ClInclude>
    <ClInclude Include="..\KlineUtil\netwk\CTPclient.h">
      <Filter>头文件</Filter>
    </ClInclude>
    <ClInclude Include="..\KlineUtil\netwk\ChannelCollector.h">
      <Filter>头文件</Filter>
    </ClInclude>
    <ClInclude Include="..\KlineUtil\mygl\bitmap.h">
      <Filter>头文件</Filter>
    </ClInclude>
  </ItemGroup>
  <ItemGroup>
    <ClCompile Include="MFCKline.cpp">
      <Filter>源文件</Filter>
    </ClCompile>
    <ClCompile Include="MFCKlineDlg.cpp">
      <Filter>源文件</Filter>
    </ClCompile>
    <ClCompile Include="MyOglDrawDlg.cpp">
      <Filter>源文件</Filter>
    </ClCompile>
    <ClCompile Include="LoginDlg.cpp">
      <Filter>源文件</Filter>
    </ClCompile>
    <ClCompile Include="RegistDlg.cpp">
      <Filter>源文件</Filter>
    </ClCompile>
    <ClCompile Include="IMhideWndDlg.cpp">
      <Filter>源文件</Filter>
    </ClCompile>
    <ClCompile Include="IMlogDlg.cpp">
      <Filter>源文件</Filter>
    </ClCompile>
    <ClCompile Include="SetMarkDlg.cpp">
      <Filter>源文件</Filter>
    </ClCompile>
    <ClCompile Include="..\..\LinxSrvc\gSOAPverify\soap\soapC.cpp">
      <Filter>源文件</Filter>
    </ClCompile>
    <ClCompile Include="..\..\LinxSrvc\gSOAPverify\soap\stdsoap2.cpp">
      <Filter>源文件</Filter>
    </ClCompile>
    <ClCompile Include="..\KlineUtil\elem\CCustomCtl.cpp">
      <Filter>源文件</Filter>
    </ClCompile>
    <ClCompile Include="..\KlineUtil\html\cefWebKit.cpp">
      <Filter>源文件</Filter>
    </ClCompile>
    <ClCompile Include="..\KlineUtil\dos\DOSCout.cpp">
      <Filter>源文件</Filter>
    </ClCompile>
    <ClCompile Include="..\KlineUtil\Font\FontNehe.cc">
      <Filter>源文件</Filter>
    </ClCompile>
    <ClCompile Include="..\KlineUtil\IM\IM.cc">
      <Filter>源文件</Filter>
    </ClCompile>
    <ClCompile Include="..\KlineUtil\HOOK\injectDLL.cpp">
      <Filter>源文件</Filter>
    </ClCompile>
    <ClCompile Include="..\KlineUtil\deep\Level2View.cpp">
      <Filter>源文件</Filter>
    </ClCompile>
    <ClCompile Include="..\KlineUtil\HOOK\jniNative.cpp">
      <Filter>源文件</Filter>
    </ClCompile>
    <ClCompile Include="..\KlineUtil\html\MfcHtmlView.cpp">
      <Filter>源文件</Filter>
    </ClCompile>
    <ClCompile Include="..\KlineUtil\elem\Screen-Sharing.cpp">
      <Filter>源文件</Filter>
    </ClCompile>
    <ClCompile Include="..\KlineUtil\security\AES.cc">
      <Filter>源文件</Filter>
    </ClCompile>
    <ClCompile Include="..\KlineUtil\mygl\bitmap.c">
      <Filter>源文件</Filter>
    </ClCompile>
    <ClCompile Include="..\KlineUtil\netwk\ChannelCollector.cpp">
      <Filter>源文件</Filter>
    </ClCompile>
    <ClCompile Include="..\KlineUtil\netwk\CTPclient.cpp">
      <Filter>源文件</Filter>
    </ClCompile>
    <ClCompile Include="..\KlineUtil\opencv\CvimgMat.cc">
      <Filter>源文件</Filter>
    </ClCompile>
    <ClCompile Include="..\KlineUtil\security\encoding.cc">
      <Filter>源文件</Filter>
    </ClCompile>
    <ClCompile Include="..\KlineUtil\netwk\GEThttp.cpp">
      <Filter>源文件</Filter>
    </ClCompile>
    <ClCompile Include="..\KlineUtil\mygl\GlF16.cc">
      <Filter>源文件</Filter>
    </ClCompile>
    <ClCompile Include="..\KlineUtil\mygl\GlModel.cc">
      <Filter>源文件</Filter>
    </ClCompile>
    <ClCompile Include="..\KlineUtil\mygl\House.cc">
      <Filter>源文件</Filter>
    </ClCompile>
    <ClCompile Include="..\KlineUtil\security\MD5.cc">
      <Filter>源文件</Filter>
    </ClCompile>
    <ClCompile Include="..\KlineUtil\mygl\OGLKview.cc">
      <Filter>源文件</Filter>
    </ClCompile>
    <ClCompile Include="..\KlineUtil\pthdpool\pthdpool.cc">
      <Filter>源文件</Filter>
    </ClCompile>
    <ClCompile Include="..\KlineUtil\netwk\Simulation.cpp">
      <Filter>源文件</Filter>
    </ClCompile>
    <ClCompile Include="..\KlineUtil\IM\TCPsocket.cpp">
      <Filter>源文件</Filter>
    </ClCompile>
    <ClCompile Include="..\KlineUtil\test\Testcase.cpp">
      <Filter>源文件</Filter>
    </ClCompile>
    <ClCompile Include="..\KlineUtil\mygl\texture.c">
      <Filter>源文件</Filter>
    </ClCompile>
    <ClCompile Include="..\KlineUtil\security\verify.cc">
      <Filter>源文件</Filter>
    </ClCompile>
    <ClCompile Include="..\KlineUtil\http\soapClient.cpp">
      <Filter>源文件</Filter>
    </ClCompile>
    <ClCompile Include="..\IMclient\imclient.cpp">
      <Filter>源文件</Filter>
    </ClCompile>
    <ClCompile Include="..\KlineUtil\IM\client.cc">
      <Filter>源文件</Filter>
    </ClCompile>
  </ItemGroup>
  <ItemGroup>
    <ResourceCompile Include="MFCKline.rc">
      <Filter>资源文件</Filter>
    </ResourceCompile>
  </ItemGroup>
  <ItemGroup>
    <None Include="..\..\LinxSrvc\gSOAPverify\file\myautomatic.sql">
      <Filter>配置文件</Filter>
    </None>
    <None Include="..\KlineUtil\http\BareBonesBrowserLaunch.java">
      <Filter>配置文件</Filter>
    </None>
    <None Include="..\KlineUtil\ClassDiagram.cd" />
    <None Include="..\KlineUtil\com\plus1second">
      <Filter>头文件</Filter>
    </None>
    <None Include="..\KlineUtil\cfg\ips.ini">
      <Filter>配置文件</Filter>
    </None>
    <None Include="..\KlineUtil\http\Client.java">
      <Filter>配置文件</Filter>
    </None>
    <None Include="..\KlineUtil\http\myweb.nsmap">
      <Filter>配置文件</Filter>
    </None>
    <None Include="..\KlineUtil\script\call.bat">
      <Filter>配置文件</Filter>
    </None>
    <None Include="..\KlineUtil\script\blobstxt.sh">
      <Filter>配置文件</Filter>
    </None>
    <None Include="..\KlineUtil\script\reptile.py">
      <Filter>配置文件</Filter>
    </None>
  </ItemGroup>
  <ItemGroup>
    <Image Include="..\KlineUtil\res\bit+.bmp">
      <Filter>资源文件</Filter>
    </Image>
    <Image Include="..\KlineUtil\res\bmp00001.bmp">
      <Filter>资源文件</Filter>
    </Image>
    <Image Include="..\KlineUtil\res\graph_line24_h.bmp">
      <Filter>资源文件</Filter>
    </Image>
    <Image Include="..\KlineUtil\res\icon1.ico">
      <Filter>资源文件</Filter>
    </Image>
    <Image Include="..\KlineUtil\res\MFCKline.ico">
      <Filter>资源文件</Filter>
    </Image>
    <Image Include="..\KlineUtil\res\top1_h.bmp">
      <Filter>资源文件</Filter>
    </Image>
  </ItemGroup>
  <ItemGroup>
    <Text Include="..\KlineUtil\IM\MSG.txt">
      <Filter>配置文件</Filter>
    </Text>
    <Text Include="..\KlineUtil\ReadMe.txt" />
  </ItemGroup>
  <ItemGroup>
    <Manifest Include="..\KlineUtil\res\windows.manifest">
      <Filter>配置文件</Filter>
    </Manifest>
  </ItemGroup>
</Project>