<?xml version="1.0" encoding="utf-8"?>
<Project ToolsVersion="4.0" xmlns="http://schemas.microsoft.com/developer/msbuild/2003">
  <ItemGroup>
    <ClCompile Include="gpio.h" />
    <ClCompile Include="test.c" />
    <ClCompile Include="me909s.h" />
    <ClCompile Include="routine.c" />
  </ItemGroup>
  <ItemGroup>
    <ClInclude Include="v4l2.h" />
  </ItemGroup>
  <ItemGroup>
    <None Include="Makefile" />
  </ItemGroup>
</Project>