<?xml version="1.0" encoding="utf-8"?>
<Project ToolsVersion="3.5" xmlns="http://schemas.microsoft.com/developer/msbuild/2003">
  <ItemGroup>
    <Filter Include="源文件">
      <UniqueIdentifier>{4FC737F1-C7A5-4376-A066-2A32D752A2FF}</UniqueIdentifier>
      <Extensions>cpp;c;cc;cxx;def;odl;idl;hpj;bat;asm;asmx</Extensions>
    </Filter>
    <Filter Include="头文件">
      <UniqueIdentifier>{93995380-89BD-4b04-88EB-625FBE52EBFB}</UniqueIdentifier>
      <Extensions>h;hh;hpp;hxx;hm;inl;inc;xsd</Extensions>
    </Filter>
    <Filter Include="资源文件">
      <UniqueIdentifier>{67DA6AB6-F800-4c08-8B7A-83BB121AAD01}</UniqueIdentifier>
      <Extensions>rc;ico;cur;bmp;dlg;rc2;rct;bin;rgs;gif;jpg;jpeg;jpe;resx;tiff;tif;png;wav;mfcribbon-ms</Extensions>
    </Filter>
  </ItemGroup>
  <ItemGroup>
    <ClInclude Include="stdafx.h">
      <Filter>头文件</Filter>
    </ClInclude>
    <ClInclude Include="targetver.h">
      <Filter>头文件</Filter>
    </ClInclude>
    <ClInclude Include="..\KlineUtil\dos\DOSCout.h">
      <Filter>头文件</Filter>
    </ClInclude>
    <ClInclude Include="..\KlineUtil\mygl\OGLKview.h">
      <Filter>头文件</Filter>
    </ClInclude>
    <ClInclude Include="..\KlineUtil\netwk\ChannelCollector.h">
      <Filter>头文件</Filter>
    </ClInclude>
    <ClInclude Include="..\KlineUtil\netwk\Simulation.h">
      <Filter>头文件</Filter>
    </ClInclude>
    <ClInclude Include="..\KlineUtil\html\cefWebKit.h">
      <Filter>头文件</Filter>
    </ClInclude>
    <ClInclude Include="..\KlineUtil\opencv\CvimgMat.h">
      <Filter>头文件</Filter>
    </ClInclude>
    <ClInclude Include="testUtils.h">
      <Filter>头文件</Filter>
    </ClInclude>
    <ClInclude Include="testUtilsDlg.h">
      <Filter>头文件</Filter>
    </ClInclude>
    <ClInclude Include="Resource.h">
      <Filter>头文件</Filter>
    </ClInclude>
    <ClInclude Include="..\KlineUtil\elem\Screen-Sharing.h">
      <Filter>头文件</Filter>
    </ClInclude>
    <ClInclude Include="..\KlineUtil\netwk\CTPclient.h">
      <Filter>头文件</Filter>
    </ClInclude>
    <ClInclude Include="..\KlineUtil\deep\Level2View.h">
      <Filter>头文件</Filter>
    </ClInclude>
    <ClInclude Include="..\MFCKline\IMhideWndDlg.h">
      <Filter>头文件</Filter>
    </ClInclude>
    <ClInclude Include="..\MFCKline\IMlogDlg.h">
      <Filter>头文件</Filter>
    </ClInclude>
    <ClInclude Include="..\MFCKline\LoginDlg.h">
      <Filter>头文件</Filter>
    </ClInclude>
    <ClInclude Include="..\MFCKline\MyOglDrawDlg.h">
      <Filter>头文件</Filter>
    </ClInclude>
    <ClInclude Include="..\MFCKline\RegistDlg.h">
      <Filter>头文件</Filter>
    </ClInclude>
    <ClInclude Include="..\MFCKline\SetMarkDlg.h">
      <Filter>头文件</Filter>
    </ClInclude>
    <ClInclude Include="..\KlineUtil\mygl\House.h">
      <Filter>头文件</Filter>
    </ClInclude>
  </ItemGroup>
  <ItemGroup>
    <ClCompile Include="stdafx.cpp">
      <Filter>源文件</Filter>
    </ClCompile>
    <ClCompile Include="..\KlineUtil\security\encoding.cc">
      <Filter>源文件</Filter>
    </ClCompile>
    <ClCompile Include="..\KlineUtil\security\MD5.cc">
      <Filter>源文件</Filter>
    </ClCompile>
    <ClCompile Include="..\KlineUtil\dos\DOSCout.cpp">
      <Filter>源文件</Filter>
    </ClCompile>
    <ClCompile Include="..\KlineUtil\netwk\ChannelCollector.cpp">
      <Filter>源文件</Filter>
    </ClCompile>
    <ClCompile Include="..\KlineUtil\mygl\OGLKview.cc">
      <Filter>源文件</Filter>
    </ClCompile>
    <ClCompile Include="..\KlineUtil\netwk\Simulation.cpp">
      <Filter>源文件</Filter>
    </ClCompile>
    <ClCompile Include="..\KlineUtil\html\cefWebKit.cpp">
      <Filter>源文件</Filter>
    </ClCompile>
    <ClCompile Include="..\KlineUtil\opencv\CvimgMat.cc">
      <Filter>源文件</Filter>
    </ClCompile>
    <ClCompile Include="..\KlineUtil\html\MfcHtmlView.cpp">
      <Filter>源文件</Filter>
    </ClCompile>
    <ClCompile Include="testUtilsDlg.cpp">
      <Filter>源文件</Filter>
    </ClCompile>
    <ClCompile Include="testUtils.cpp">
      <Filter>源文件</Filter>
    </ClCompile>
    <ClCompile Include="..\KlineUtil\netwk\CTPclient.cpp">
      <Filter>源文件</Filter>
    </ClCompile>
    <ClCompile Include="..\KlineUtil\elem\Screen-Sharing.cpp">
      <Filter>源文件</Filter>
    </ClCompile>
    <ClCompile Include="..\..\LinxSrvc\gSOAPverify\soap\soapC.cpp">
      <Filter>源文件</Filter>
    </ClCompile>
    <ClCompile Include="..\..\LinxSrvc\gSOAPverify\soap\stdsoap2.cpp">
      <Filter>源文件</Filter>
    </ClCompile>
    <ClCompile Include="..\KlineUtil\deep\Level2View.cpp">
      <Filter>源文件</Filter>
    </ClCompile>
    <ClCompile Include="..\MFCKline\IMhideWndDlg.cpp">
      <Filter>源文件</Filter>
    </ClCompile>
    <ClCompile Include="..\MFCKline\IMlogDlg.cpp">
      <Filter>源文件</Filter>
    </ClCompile>
    <ClCompile Include="..\MFCKline\LoginDlg.cpp">
      <Filter>源文件</Filter>
    </ClCompile>
    <ClCompile Include="..\MFCKline\MyOglDrawDlg.cpp">
      <Filter>源文件</Filter>
    </ClCompile>
    <ClCompile Include="..\MFCKline\RegistDlg.cpp">
      <Filter>源文件</Filter>
    </ClCompile>
    <ClCompile Include="..\MFCKline\SetMarkDlg.cpp">
      <Filter>源文件</Filter>
    </ClCompile>
    <ClCompile Include="..\KlineUtil\service\soapClient.cpp">
      <Filter>源文件</Filter>
    </ClCompile>
    <ClCompile Include="..\KlineUtil\IM\client.cc">
      <Filter>源文件</Filter>
    </ClCompile>
    <ClCompile Include="..\KlineUtil\frame\CMarketView.cpp">
      <Filter>源文件</Filter>
    </ClCompile>
    <ClCompile Include="..\KlineUtil\security\verify.cc">
      <Filter>源文件</Filter>
    </ClCompile>
    <ClCompile Include="..\KlineUtil\security\AES.cc">
      <Filter>源文件</Filter>
    </ClCompile>
    <ClCompile Include="..\KlineUtil\mygl\House.cc">
      <Filter>源文件</Filter>
    </ClCompile>
  </ItemGroup>
  <ItemGroup>
    <ResourceCompile Include="..\MFCKline\MFCKline.rc">
      <Filter>资源文件</Filter>
    </ResourceCompile>
    <ResourceCompile Include="testUtils.rc">
      <Filter>资源文件</Filter>
    </ResourceCompile>
  </ItemGroup>
  <ItemGroup>
    <Image Include="..\KlineUtil\res\MFCKline.ico">
      <Filter>资源文件</Filter>
    </Image>
    <Image Include="..\KlineUtil\res\icon1.ico">
      <Filter>资源文件</Filter>
    </Image>
    <Image Include="..\KlineUtil\res\graph_line24_h.bmp">
      <Filter>资源文件</Filter>
    </Image>
    <Image Include="..\KlineUtil\res\bmp00001.bmp">
      <Filter>资源文件</Filter>
    </Image>
    <Image Include="..\KlineUtil\res\top1_h.bmp">
      <Filter>资源文件</Filter>
    </Image>
    <Image Include="..\KlineUtil\res\bit+.bmp">
      <Filter>资源文件</Filter>
    </Image>
    <Image Include="res\testUtils.ico">
      <Filter>资源文件</Filter>
    </Image>
  </ItemGroup>
  <ItemGroup>
    <None Include="res\testUtils.rc2">
      <Filter>资源文件</Filter>
    </None>
  </ItemGroup>
  <ItemGroup>
    <Manifest Include="..\KlineUtil\res\windows.manifest" />
  </ItemGroup>
</Project>