<?xml version="1.0" encoding="utf-8"?>
<Project ToolsVersion="3.5" xmlns="http://schemas.microsoft.com/developer/msbuild/2003">
  <ItemGroup>
    <Filter Include="源文件">
      <UniqueIdentifier>{4FC737F1-C7A5-4376-A066-2A32D752A2FF}</UniqueIdentifier>
      <Extensions>cpp;c;cc;cxx;def;odl;idl;hpj;bat;asm;asmx</Extensions>
    </Filter>
    <Filter Include="gn">
      <UniqueIdentifier>{400137bd-92f9-4dc3-b26f-a0bc35a91789}</UniqueIdentifier>
    </Filter>
  </ItemGroup>
  <ItemGroup>
    <ClCompile Include="..\..\LinxSrvc\IM\IM.cc">
      <Filter>源文件</Filter>
    </ClCompile>
    <ClCompile Include="imclient.cpp">
      <Filter>源文件</Filter>
    </ClCompile>
    <ClCompile Include="..\KlineUtil\IM\client.cc">
      <Filter>源文件</Filter>
    </ClCompile>
    <ClCompile Include="..\KlineUtil\IM\TCPsocket_win.cpp">
      <Filter>源文件</Filter>
    </ClCompile>
    <ClCompile Include="..\..\LinxSrvc\gn\main.cxx">
      <Filter>gn</Filter>
    </ClCompile>
  </ItemGroup>
  <ItemGroup>
    <ClInclude Include="..\KlineUtil\IM\client.h">
      <Filter>源文件</Filter>
    </ClInclude>
  </ItemGroup>
  <ItemGroup>
    <None Include="..\..\LinxSrvc\gn\build.sh">
      <Filter>gn</Filter>
    </None>
    <None Include="..\..\LinxSrvc\gn\clean-all.cmake">
      <Filter>gn</Filter>
    </None>
  </ItemGroup>
  <ItemGroup>
    <Text Include="..\..\LinxSrvc\gn\CMakeLists.txt">
      <Filter>gn</Filter>
    </Text>
  </ItemGroup>
</Project>
