
Microsoft Visual Studio Solution File, Format Version 12.00
# Visual Studio 14
VisualStudioVersion = 14.0.25420.1
MinimumVisualStudioVersion = 10.0.40219.1
Project("{8BC9CEB8-8B4A-11D0-8D11-00A0C91BC942}") = "MFCKline", "MFCKline\MFCKline.vcxproj", "{C0FF2B6D-EDD9-4E65-8CA8-1C4968F76D48}"
	ProjectSection(ProjectDependencies) = postProject
		{0652C320-7C16-41E3-A864-C70A672705A2} = {0652C320-7C16-41E3-A864-C70A672705A2}
	EndProjectSection
EndProject
Project("{FAE04EC0-301F-11D3-BF4B-00C04F79EFBC}") = "WpfKline", "WpfKline\WpfKline\WpfKline.csproj", "{0652C320-7C16-41E3-A864-C70A672705A2}"
EndProject
Project("{8BC9CEB8-8B4A-11D0-8D11-00A0C91BC942}") = "gSOAPverify", "gSOAPverify\gSOAPverify.vcxproj", "{896FCF3C-250C-46EC-A419-1B5E27D0DD53}"
EndProject
Project("{8BC9CEB8-8B4A-11D0-8D11-00A0C91BC942}") = "QtKline", "QtKline\QtKline\QtKline.vcxproj", "{B12702AD-ABFB-343A-A199-8E24837244A3}"
EndProject
Global
	GlobalSection(SolutionConfigurationPlatforms) = preSolution
		Debug|Any CPU = Debug|Any CPU
		Debug|ARM = Debug|ARM
		Debug|x64 = Debug|x64
		Debug|x86 = Debug|x86
		Release|Any CPU = Release|Any CPU
		Release|ARM = Release|ARM
		Release|x64 = Release|x64
		Release|x86 = Release|x86
	EndGlobalSection
	GlobalSection(ProjectConfigurationPlatforms) = postSolution
		{C0FF2B6D-EDD9-4E65-8CA8-1C4968F76D48}.Debug|Any CPU.ActiveCfg = Debug|Win32
		{C0FF2B6D-EDD9-4E65-8CA8-1C4968F76D48}.Debug|ARM.ActiveCfg = Debug|Win32
		{C0FF2B6D-EDD9-4E65-8CA8-1C4968F76D48}.Debug|x64.ActiveCfg = Debug|Win32
		{C0FF2B6D-EDD9-4E65-8CA8-1C4968F76D48}.Debug|x64.Build.0 = Debug|Win32
		{C0FF2B6D-EDD9-4E65-8CA8-1C4968F76D48}.Debug|x86.ActiveCfg = Debug|Win32
		{C0FF2B6D-EDD9-4E65-8CA8-1C4968F76D48}.Debug|x86.Build.0 = Debug|Win32
		{C0FF2B6D-EDD9-4E65-8CA8-1C4968F76D48}.Release|Any CPU.ActiveCfg = Release|Win32
		{C0FF2B6D-EDD9-4E65-8CA8-1C4968F76D48}.Release|ARM.ActiveCfg = Release|Win32
		{C0FF2B6D-EDD9-4E65-8CA8-1C4968F76D48}.Release|x64.ActiveCfg = Release|x64
		{C0FF2B6D-EDD9-4E65-8CA8-1C4968F76D48}.Release|x64.Build.0 = Release|x64
		{C0FF2B6D-EDD9-4E65-8CA8-1C4968F76D48}.Release|x86.ActiveCfg = Release|Win32
		{C0FF2B6D-EDD9-4E65-8CA8-1C4968F76D48}.Release|x86.Build.0 = Release|Win32
		{0652C320-7C16-41E3-A864-C70A672705A2}.Debug|Any CPU.ActiveCfg = Debug|x86
		{0652C320-7C16-41E3-A864-C70A672705A2}.Debug|ARM.ActiveCfg = Debug|x86
		{0652C320-7C16-41E3-A864-C70A672705A2}.Debug|x64.ActiveCfg = Debug|x64
		{0652C320-7C16-41E3-A864-C70A672705A2}.Debug|x64.Build.0 = Debug|x64
		{0652C320-7C16-41E3-A864-C70A672705A2}.Debug|x86.ActiveCfg = Debug|x86
		{0652C320-7C16-41E3-A864-C70A672705A2}.Debug|x86.Build.0 = Debug|x86
		{0652C320-7C16-41E3-A864-C70A672705A2}.Release|Any CPU.ActiveCfg = Release|x86
		{0652C320-7C16-41E3-A864-C70A672705A2}.Release|ARM.ActiveCfg = Release|x86
		{0652C320-7C16-41E3-A864-C70A672705A2}.Release|x64.ActiveCfg = Release|x64
		{0652C320-7C16-41E3-A864-C70A672705A2}.Release|x64.Build.0 = Release|x64
		{0652C320-7C16-41E3-A864-C70A672705A2}.Release|x86.ActiveCfg = Release|x86
		{0652C320-7C16-41E3-A864-C70A672705A2}.Release|x86.Build.0 = Release|x86
		{896FCF3C-250C-46EC-A419-1B5E27D0DD53}.Debug|Any CPU.ActiveCfg = Debug|x86
		{896FCF3C-250C-46EC-A419-1B5E27D0DD53}.Debug|ARM.ActiveCfg = Debug|ARM
		{896FCF3C-250C-46EC-A419-1B5E27D0DD53}.Debug|ARM.Build.0 = Debug|ARM
		{896FCF3C-250C-46EC-A419-1B5E27D0DD53}.Debug|x64.ActiveCfg = Debug|x64
		{896FCF3C-250C-46EC-A419-1B5E27D0DD53}.Debug|x64.Build.0 = Debug|x64
		{896FCF3C-250C-46EC-A419-1B5E27D0DD53}.Debug|x86.ActiveCfg = Debug|x86
		{896FCF3C-250C-46EC-A419-1B5E27D0DD53}.Debug|x86.Build.0 = Debug|x86
		{896FCF3C-250C-46EC-A419-1B5E27D0DD53}.Release|Any CPU.ActiveCfg = Release|x86
		{896FCF3C-250C-46EC-A419-1B5E27D0DD53}.Release|ARM.ActiveCfg = Release|ARM
		{896FCF3C-250C-46EC-A419-1B5E27D0DD53}.Release|ARM.Build.0 = Release|ARM
		{896FCF3C-250C-46EC-A419-1B5E27D0DD53}.Release|x64.ActiveCfg = Release|x64
		{896FCF3C-250C-46EC-A419-1B5E27D0DD53}.Release|x64.Build.0 = Release|x64
		{896FCF3C-250C-46EC-A419-1B5E27D0DD53}.Release|x86.ActiveCfg = Release|x86
		{896FCF3C-250C-46EC-A419-1B5E27D0DD53}.Release|x86.Build.0 = Release|x86
		{B12702AD-ABFB-343A-A199-8E24837244A3}.Debug|Any CPU.ActiveCfg = Debug|Win32
		{B12702AD-ABFB-343A-A199-8E24837244A3}.Debug|ARM.ActiveCfg = Debug|Win32
		{B12702AD-ABFB-343A-A199-8E24837244A3}.Debug|x64.ActiveCfg = Debug|Win32
		{B12702AD-ABFB-343A-A199-8E24837244A3}.Debug|x86.ActiveCfg = Debug|Win32
		{B12702AD-ABFB-343A-A199-8E24837244A3}.Debug|x86.Build.0 = Debug|Win32
		{B12702AD-ABFB-343A-A199-8E24837244A3}.Release|Any CPU.ActiveCfg = Release|Win32
		{B12702AD-ABFB-343A-A199-8E24837244A3}.Release|ARM.ActiveCfg = Release|Win32
		{B12702AD-ABFB-343A-A199-8E24837244A3}.Release|x64.ActiveCfg = Release|Win32
		{B12702AD-ABFB-343A-A199-8E24837244A3}.Release|x86.ActiveCfg = Release|Win32
		{B12702AD-ABFB-343A-A199-8E24837244A3}.Release|x86.Build.0 = Release|Win32
	EndGlobalSection
	GlobalSection(SolutionProperties) = preSolution
		HideSolutionNode = FALSE
	EndGlobalSection
EndGlobal
