
Microsoft Visual Studio Solution File, Format Version 12.00
# Visual Studio 15
VisualStudioVersion = 15.0.27130.2010
MinimumVisualStudioVersion = 10.0.40219.1
Project("{8BC9CEB8-8B4A-11D0-8D11-00A0C91BC942}") = "MFCKline", "MFCKline\MFCKline.vcxproj", "{C0FF2B6D-EDD9-4E65-8CA8-1C4968F76D48}"
	ProjectSection(ProjectDependencies) = postProject
		{0652C320-7C16-41E3-A864-C70A672705A2} = {0652C320-7C16-41E3-A864-C70A672705A2}
	EndProjectSection
EndProject
Project("{FAE04EC0-301F-11D3-BF4B-00C04F79EFBC}") = "WpfKline", "WpfKline\WpfKline\WpfKline.csproj", "{0652C320-7C16-41E3-A864-C70A672705A2}"
EndProject
Project("{8BC9CEB8-8B4A-11D0-8D11-00A0C91BC942}") = "testAPIs", "test\test.vcxproj", "{FB5497B1-D980-4851-A42E-2AFD1A0126D8}"
EndProject
Project("{8BC9CEB8-8B4A-11D0-8D11-00A0C91BC942}") = "gSOAPverify", "..\LinuxSrvc\gSOAPverify\gSOAPverify.vcxproj", "{896FCF3C-250C-46EC-A419-1B5E27D0DD53}"
EndProject
Project("{8BC9CEB8-8B4A-11D0-8D11-00A0C91BC942}") = "IM", "..\LinuxSrvc\IM\IM.vcxproj", "{28813B8F-EA1E-4039-9BDE-11F0EB52986C}"
EndProject
Project("{2150E333-8FDC-42A3-9474-1A3956D46DE8}") = "LinuxSrvc", "LinuxSrvc", "{9AF30FB0-9135-4EBA-B07E-16B1F1D98C76}"
EndProject
Project("{2150E333-8FDC-42A3-9474-1A3956D46DE8}") = "TEST", "TEST", "{929677BC-1A53-4CD4-B120-259D6A7FDBDB}"
EndProject
Project("{2150E333-8FDC-42A3-9474-1A3956D46DE8}") = "K-line", "K-line", "{748D08E6-622E-4CD2-9AC7-7766F288389B}"
EndProject
Project("{8BC9CEB8-8B4A-11D0-8D11-00A0C91BC942}") = "IM(Win32)", "test\IM\IM.vcxproj", "{6B864007-F9E8-4469-92BA-2387CCEB1573}"
EndProject
Project("{8BC9CEB8-8B4A-11D0-8D11-00A0C91BC942}") = "QtCases", "..\QtCases\QtCases.vcxproj", "{B12702AD-ABFB-343A-A199-8E24837244A3}"
EndProject
Project("{911E67C6-3D85-4FCE-B560-20A9C3E3FF48}") = "cmd", "C:\Windows\System32\cmd.exe", "{EC7EBEAB-1598-475F-BF77-55D7D99BBC43}"
	ProjectSection(DebuggerProjectSystem) = preProject
		PortSupplier = 00000000-0000-0000-0000-000000000000
		Executable = C:\Windows\System32\cmd.exe
		RemoteMachine = DESKTOP-LSVFS7T
		StartingDirectory = C:\Windows\System32
		Environment = 默认值
		LaunchingEngine = 00000000-0000-0000-0000-000000000000
		UseLegacyDebugEngines = No
		LaunchSQLEngine = No
		AttachLaunchAction = No
	EndProjectSection
EndProject
Project("{8BC9CEB8-8B4A-11D0-8D11-00A0C91BC942}") = "CV4", "CV4i\CV4i.vcxproj", "{8FFF2EFE-1196-43BA-A3F3-A0B377628DAF}"
EndProject
Global
	GlobalSection(SolutionConfigurationPlatforms) = preSolution
		Debug|Any CPU = Debug|Any CPU
		Debug|ARM = Debug|ARM
		Debug|x64 = Debug|x64
		Debug|x86 = Debug|x86
		Release|Any CPU = Release|Any CPU
		Release|ARM = Release|ARM
		Release|x64 = Release|x64
		Release|x86 = Release|x86
	EndGlobalSection
	GlobalSection(ProjectConfigurationPlatforms) = postSolution
		{C0FF2B6D-EDD9-4E65-8CA8-1C4968F76D48}.Debug|Any CPU.ActiveCfg = Debug|Win32
		{C0FF2B6D-EDD9-4E65-8CA8-1C4968F76D48}.Debug|Any CPU.Build.0 = Debug|Win32
		{C0FF2B6D-EDD9-4E65-8CA8-1C4968F76D48}.Debug|ARM.ActiveCfg = Debug|Win32
		{C0FF2B6D-EDD9-4E65-8CA8-1C4968F76D48}.Debug|x64.ActiveCfg = Debug|Win32
		{C0FF2B6D-EDD9-4E65-8CA8-1C4968F76D48}.Debug|x64.Build.0 = Debug|Win32
		{C0FF2B6D-EDD9-4E65-8CA8-1C4968F76D48}.Debug|x86.ActiveCfg = Debug|Win32
		{C0FF2B6D-EDD9-4E65-8CA8-1C4968F76D48}.Debug|x86.Build.0 = Debug|Win32
		{C0FF2B6D-EDD9-4E65-8CA8-1C4968F76D48}.Release|Any CPU.ActiveCfg = Release|Win32
		{C0FF2B6D-EDD9-4E65-8CA8-1C4968F76D48}.Release|Any CPU.Build.0 = Release|Win32
		{C0FF2B6D-EDD9-4E65-8CA8-1C4968F76D48}.Release|ARM.ActiveCfg = Release|Win32
		{C0FF2B6D-EDD9-4E65-8CA8-1C4968F76D48}.Release|x64.ActiveCfg = Release|x64
		{C0FF2B6D-EDD9-4E65-8CA8-1C4968F76D48}.Release|x64.Build.0 = Release|x64
		{C0FF2B6D-EDD9-4E65-8CA8-1C4968F76D48}.Release|x86.ActiveCfg = Debug|Win32
		{C0FF2B6D-EDD9-4E65-8CA8-1C4968F76D48}.Release|x86.Build.0 = Debug|Win32
		{0652C320-7C16-41E3-A864-C70A672705A2}.Debug|Any CPU.ActiveCfg = Debug|x86
		{0652C320-7C16-41E3-A864-C70A672705A2}.Debug|ARM.ActiveCfg = Debug|x86
		{0652C320-7C16-41E3-A864-C70A672705A2}.Debug|x64.ActiveCfg = Debug|x64
		{0652C320-7C16-41E3-A864-C70A672705A2}.Debug|x64.Build.0 = Debug|x64
		{0652C320-7C16-41E3-A864-C70A672705A2}.Debug|x86.ActiveCfg = Debug|x86
		{0652C320-7C16-41E3-A864-C70A672705A2}.Debug|x86.Build.0 = Debug|x86
		{0652C320-7C16-41E3-A864-C70A672705A2}.Release|Any CPU.ActiveCfg = Release|x86
		{0652C320-7C16-41E3-A864-C70A672705A2}.Release|ARM.ActiveCfg = Release|x86
		{0652C320-7C16-41E3-A864-C70A672705A2}.Release|x64.ActiveCfg = Release|x64
		{0652C320-7C16-41E3-A864-C70A672705A2}.Release|x64.Build.0 = Release|x64
		{0652C320-7C16-41E3-A864-C70A672705A2}.Release|x86.ActiveCfg = Debug|x86
		{0652C320-7C16-41E3-A864-C70A672705A2}.Release|x86.Build.0 = Debug|x86
		{FB5497B1-D980-4851-A42E-2AFD1A0126D8}.Debug|Any CPU.ActiveCfg = Debug|Win32
		{FB5497B1-D980-4851-A42E-2AFD1A0126D8}.Debug|ARM.ActiveCfg = Debug|Win32
		{FB5497B1-D980-4851-A42E-2AFD1A0126D8}.Debug|x64.ActiveCfg = Debug|x64
		{FB5497B1-D980-4851-A42E-2AFD1A0126D8}.Debug|x64.Build.0 = Debug|x64
		{FB5497B1-D980-4851-A42E-2AFD1A0126D8}.Debug|x86.ActiveCfg = Debug|Win32
		{FB5497B1-D980-4851-A42E-2AFD1A0126D8}.Debug|x86.Build.0 = Debug|Win32
		{FB5497B1-D980-4851-A42E-2AFD1A0126D8}.Release|Any CPU.ActiveCfg = Release|Win32
		{FB5497B1-D980-4851-A42E-2AFD1A0126D8}.Release|ARM.ActiveCfg = Release|Win32
		{FB5497B1-D980-4851-A42E-2AFD1A0126D8}.Release|x64.ActiveCfg = Release|x64
		{FB5497B1-D980-4851-A42E-2AFD1A0126D8}.Release|x64.Build.0 = Release|x64
		{FB5497B1-D980-4851-A42E-2AFD1A0126D8}.Release|x86.ActiveCfg = Debug|Win32
		{FB5497B1-D980-4851-A42E-2AFD1A0126D8}.Release|x86.Build.0 = Debug|Win32
		{896FCF3C-250C-46EC-A419-1B5E27D0DD53}.Debug|Any CPU.ActiveCfg = Debug|x86
		{896FCF3C-250C-46EC-A419-1B5E27D0DD53}.Debug|ARM.ActiveCfg = Debug|ARM
		{896FCF3C-250C-46EC-A419-1B5E27D0DD53}.Debug|ARM.Build.0 = Debug|ARM
		{896FCF3C-250C-46EC-A419-1B5E27D0DD53}.Debug|x64.ActiveCfg = Debug|x64
		{896FCF3C-250C-46EC-A419-1B5E27D0DD53}.Debug|x64.Build.0 = Debug|x64
		{896FCF3C-250C-46EC-A419-1B5E27D0DD53}.Debug|x86.ActiveCfg = Debug|x86
		{896FCF3C-250C-46EC-A419-1B5E27D0DD53}.Debug|x86.Build.0 = Debug|x86
		{896FCF3C-250C-46EC-A419-1B5E27D0DD53}.Release|Any CPU.ActiveCfg = Release|x86
		{896FCF3C-250C-46EC-A419-1B5E27D0DD53}.Release|ARM.ActiveCfg = Release|ARM
		{896FCF3C-250C-46EC-A419-1B5E27D0DD53}.Release|ARM.Build.0 = Release|ARM
		{896FCF3C-250C-46EC-A419-1B5E27D0DD53}.Release|x64.ActiveCfg = Release|x64
		{896FCF3C-250C-46EC-A419-1B5E27D0DD53}.Release|x64.Build.0 = Release|x64
		{896FCF3C-250C-46EC-A419-1B5E27D0DD53}.Release|x86.ActiveCfg = Debug|x86
		{896FCF3C-250C-46EC-A419-1B5E27D0DD53}.Release|x86.Build.0 = Debug|x86
		{28813B8F-EA1E-4039-9BDE-11F0EB52986C}.Debug|Any CPU.ActiveCfg = Debug|x86
		{28813B8F-EA1E-4039-9BDE-11F0EB52986C}.Debug|ARM.ActiveCfg = Debug|ARM
		{28813B8F-EA1E-4039-9BDE-11F0EB52986C}.Debug|ARM.Build.0 = Debug|ARM
		{28813B8F-EA1E-4039-9BDE-11F0EB52986C}.Debug|x64.ActiveCfg = Debug|x64
		{28813B8F-EA1E-4039-9BDE-11F0EB52986C}.Debug|x64.Build.0 = Debug|x64
		{28813B8F-EA1E-4039-9BDE-11F0EB52986C}.Debug|x86.ActiveCfg = Debug|x86
		{28813B8F-EA1E-4039-9BDE-11F0EB52986C}.Debug|x86.Build.0 = Debug|x86
		{28813B8F-EA1E-4039-9BDE-11F0EB52986C}.Release|Any CPU.ActiveCfg = Release|x86
		{28813B8F-EA1E-4039-9BDE-11F0EB52986C}.Release|ARM.ActiveCfg = Release|ARM
		{28813B8F-EA1E-4039-9BDE-11F0EB52986C}.Release|ARM.Build.0 = Release|ARM
		{28813B8F-EA1E-4039-9BDE-11F0EB52986C}.Release|x64.ActiveCfg = Release|x64
		{28813B8F-EA1E-4039-9BDE-11F0EB52986C}.Release|x64.Build.0 = Release|x64
		{28813B8F-EA1E-4039-9BDE-11F0EB52986C}.Release|x86.ActiveCfg = Debug|x86
		{28813B8F-EA1E-4039-9BDE-11F0EB52986C}.Release|x86.Build.0 = Debug|x86
		{6B864007-F9E8-4469-92BA-2387CCEB1573}.Debug|Any CPU.ActiveCfg = Debug|Win32
		{6B864007-F9E8-4469-92BA-2387CCEB1573}.Debug|ARM.ActiveCfg = Debug|Win32
		{6B864007-F9E8-4469-92BA-2387CCEB1573}.Debug|x64.ActiveCfg = Debug|x64
		{6B864007-F9E8-4469-92BA-2387CCEB1573}.Debug|x64.Build.0 = Debug|x64
		{6B864007-F9E8-4469-92BA-2387CCEB1573}.Debug|x86.ActiveCfg = Debug|Win32
		{6B864007-F9E8-4469-92BA-2387CCEB1573}.Debug|x86.Build.0 = Debug|Win32
		{6B864007-F9E8-4469-92BA-2387CCEB1573}.Release|Any CPU.ActiveCfg = Release|Win32
		{6B864007-F9E8-4469-92BA-2387CCEB1573}.Release|ARM.ActiveCfg = Release|Win32
		{6B864007-F9E8-4469-92BA-2387CCEB1573}.Release|x64.ActiveCfg = Release|x64
		{6B864007-F9E8-4469-92BA-2387CCEB1573}.Release|x64.Build.0 = Release|x64
		{6B864007-F9E8-4469-92BA-2387CCEB1573}.Release|x86.ActiveCfg = Debug|Win32
		{6B864007-F9E8-4469-92BA-2387CCEB1573}.Release|x86.Build.0 = Debug|Win32
		{B12702AD-ABFB-343A-A199-8E24837244A3}.Debug|Any CPU.ActiveCfg = Debug|Win32
		{B12702AD-ABFB-343A-A199-8E24837244A3}.Debug|ARM.ActiveCfg = Debug|Win32
		{B12702AD-ABFB-343A-A199-8E24837244A3}.Debug|x64.ActiveCfg = Debug|Win32
		{B12702AD-ABFB-343A-A199-8E24837244A3}.Debug|x86.ActiveCfg = Debug|Win32
		{B12702AD-ABFB-343A-A199-8E24837244A3}.Debug|x86.Build.0 = Debug|Win32
		{B12702AD-ABFB-343A-A199-8E24837244A3}.Release|Any CPU.ActiveCfg = Release|Win32
		{B12702AD-ABFB-343A-A199-8E24837244A3}.Release|ARM.ActiveCfg = Release|Win32
		{B12702AD-ABFB-343A-A199-8E24837244A3}.Release|x64.ActiveCfg = Release|Win32
		{B12702AD-ABFB-343A-A199-8E24837244A3}.Release|x86.ActiveCfg = Debug|Win32
		{B12702AD-ABFB-343A-A199-8E24837244A3}.Release|x86.Build.0 = Debug|Win32
		{EC7EBEAB-1598-475F-BF77-55D7D99BBC43}.Debug|Any CPU.ActiveCfg = Release|x64
		{EC7EBEAB-1598-475F-BF77-55D7D99BBC43}.Debug|ARM.ActiveCfg = Release|x64
		{EC7EBEAB-1598-475F-BF77-55D7D99BBC43}.Debug|x64.ActiveCfg = Release|x64
		{EC7EBEAB-1598-475F-BF77-55D7D99BBC43}.Debug|x86.ActiveCfg = Release|x64
		{EC7EBEAB-1598-475F-BF77-55D7D99BBC43}.Release|Any CPU.ActiveCfg = Release|x64
		{EC7EBEAB-1598-475F-BF77-55D7D99BBC43}.Release|ARM.ActiveCfg = Release|x64
		{EC7EBEAB-1598-475F-BF77-55D7D99BBC43}.Release|x64.ActiveCfg = Release|x64
		{EC7EBEAB-1598-475F-BF77-55D7D99BBC43}.Release|x86.ActiveCfg = Release|x64
		{8FFF2EFE-1196-43BA-A3F3-A0B377628DAF}.Debug|Any CPU.ActiveCfg = Debug|Win32
		{8FFF2EFE-1196-43BA-A3F3-A0B377628DAF}.Debug|ARM.ActiveCfg = Debug|Win32
		{8FFF2EFE-1196-43BA-A3F3-A0B377628DAF}.Debug|x64.ActiveCfg = Debug|x64
		{8FFF2EFE-1196-43BA-A3F3-A0B377628DAF}.Debug|x64.Build.0 = Debug|x64
		{8FFF2EFE-1196-43BA-A3F3-A0B377628DAF}.Debug|x86.ActiveCfg = Debug|Win32
		{8FFF2EFE-1196-43BA-A3F3-A0B377628DAF}.Debug|x86.Build.0 = Debug|Win32
		{8FFF2EFE-1196-43BA-A3F3-A0B377628DAF}.Release|Any CPU.ActiveCfg = Release|Win32
		{8FFF2EFE-1196-43BA-A3F3-A0B377628DAF}.Release|ARM.ActiveCfg = Release|Win32
		{8FFF2EFE-1196-43BA-A3F3-A0B377628DAF}.Release|x64.ActiveCfg = Release|x64
		{8FFF2EFE-1196-43BA-A3F3-A0B377628DAF}.Release|x64.Build.0 = Release|x64
		{8FFF2EFE-1196-43BA-A3F3-A0B377628DAF}.Release|x86.ActiveCfg = Release|Win32
		{8FFF2EFE-1196-43BA-A3F3-A0B377628DAF}.Release|x86.Build.0 = Release|Win32
	EndGlobalSection
	GlobalSection(SolutionProperties) = preSolution
		HideSolutionNode = FALSE
	EndGlobalSection
	GlobalSection(NestedProjects) = preSolution
		{C0FF2B6D-EDD9-4E65-8CA8-1C4968F76D48} = {748D08E6-622E-4CD2-9AC7-7766F288389B}
		{0652C320-7C16-41E3-A864-C70A672705A2} = {748D08E6-622E-4CD2-9AC7-7766F288389B}
		{FB5497B1-D980-4851-A42E-2AFD1A0126D8} = {929677BC-1A53-4CD4-B120-259D6A7FDBDB}
		{896FCF3C-250C-46EC-A419-1B5E27D0DD53} = {9AF30FB0-9135-4EBA-B07E-16B1F1D98C76}
		{28813B8F-EA1E-4039-9BDE-11F0EB52986C} = {9AF30FB0-9135-4EBA-B07E-16B1F1D98C76}
		{6B864007-F9E8-4469-92BA-2387CCEB1573} = {929677BC-1A53-4CD4-B120-259D6A7FDBDB}
		{B12702AD-ABFB-343A-A199-8E24837244A3} = {748D08E6-622E-4CD2-9AC7-7766F288389B}
		{EC7EBEAB-1598-475F-BF77-55D7D99BBC43} = {748D08E6-622E-4CD2-9AC7-7766F288389B}
		{8FFF2EFE-1196-43BA-A3F3-A0B377628DAF} = {929677BC-1A53-4CD4-B120-259D6A7FDBDB}
	EndGlobalSection
	GlobalSection(ExtensibilityGlobals) = postSolution
		SolutionGuid = {93EEEDB3-53AB-4CDD-B9D0-EA6E1F28D058}
	EndGlobalSection
EndGlobal
